
Microsoft Visual Studio Solution File, Format Version 12.00
# Visual Studio Version 17
VisualStudioVersion = 17.0.31912.275
MinimumVisualStudioVersion = 10.0.40219.1
Project("{9A19103F-16F7-4668-BE54-9A1E7A4F7556}") = "StoreProducts", "ProductsWebProject\StoreProducts.csproj", "{4F2D99B3-60EF-4E7C-A9E4-CF6E27814FB2}"
EndProject
Project("{9A19103F-16F7-4668-BE54-9A1E7A4F7556}") = "managementProducts-MongoDb", "AddProducts-MongoDb\managementProducts-MongoDb.csproj", "{AC0AE488-3D7E-4874-9F37-D310C20935C5}"
EndProject
Global
	GlobalSection(SolutionConfigurationPlatforms) = preSolution
		Debug|Any CPU = Debug|Any CPU
		Release|Any CPU = Release|Any CPU
	EndGlobalSection
	GlobalSection(ProjectConfigurationPlatforms) = postSolution
		{4F2D99B3-60EF-4E7C-A9E4-CF6E27814FB2}.Debug|Any CPU.ActiveCfg = Debug|Any CPU
		{4F2D99B3-60EF-4E7C-A9E4-CF6E27814FB2}.Debug|Any CPU.Build.0 = Debug|Any CPU
		{4F2D99B3-60EF-4E7C-A9E4-CF6E27814FB2}.Release|Any CPU.ActiveCfg = Release|Any CPU
		{4F2D99B3-60EF-4E7C-A9E4-CF6E27814FB2}.Release|Any CPU.Build.0 = Release|Any CPU
		{AC0AE488-3D7E-4874-9F37-D310C20935C5}.Debug|Any CPU.ActiveCfg = Debug|Any CPU
		{AC0AE488-3D7E-4874-9F37-D310C20935C5}.Debug|Any CPU.Build.0 = Debug|Any CPU
		{AC0AE488-3D7E-4874-9F37-D310C20935C5}.Release|Any CPU.ActiveCfg = Release|Any CPU
		{AC0AE488-3D7E-4874-9F37-D310C20935C5}.Release|Any CPU.Build.0 = Release|Any CPU
	EndGlobalSection
	GlobalSection(SolutionProperties) = preSolution
		HideSolutionNode = FALSE
	EndGlobalSection
	GlobalSection(ExtensibilityGlobals) = postSolution
		SolutionGuid = {6B8957BE-EAD7-47EA-938B-5900E5F36EF3}
	EndGlobalSection
EndGlobal
